
Microsoft Visual Studio Solution File, Format Version 12.00
# Visual Studio 15
VisualStudioVersion = 15.0.27130.2010
MinimumVisualStudioVersion = 10.0.40219.1
Project("{8BC9CEB8-8B4A-11D0-8D11-00A0C91BC942}") = "LoggerUserspace", "LoggerUserspace\LoggerUserspace.vcxproj", "{1E35A565-D439-4AF2-A014-9CC0C1484C89}"
EndProject
Project("{8BC9CEB8-8B4A-11D0-8D11-00A0C91BC942}") = "LoggerDriver", "LoggerDriver\LoggerDriver.vcxproj", "{98894D3D-EBD4-4483-B700-FB5452088FAB}"
EndProject
Project("{8BC9CEB8-8B4A-11D0-8D11-00A0C91BC942}") = "LoggerTestDriver", "LoggerTestDriver\LoggerTestDriver.vcxproj", "{BCDDF01D-D4A7-4FA1-B80A-02A6D2CF5107}"
	ProjectSection(ProjectDependencies) = postProject
		{98894D3D-EBD4-4483-B700-FB5452088FAB} = {98894D3D-EBD4-4483-B700-FB5452088FAB}
	EndProjectSection
EndProject
Global
	GlobalSection(SolutionConfigurationPlatforms) = preSolution
		Debug|ARM = Debug|ARM
		Debug|ARM64 = Debug|ARM64
		Debug|x64 = Debug|x64
		Debug|x86 = Debug|x86
		Release|ARM = Release|ARM
		Release|ARM64 = Release|ARM64
		Release|x64 = Release|x64
		Release|x86 = Release|x86
	EndGlobalSection
	GlobalSection(ProjectConfigurationPlatforms) = postSolution
		{1E35A565-D439-4AF2-A014-9CC0C1484C89}.Debug|ARM.ActiveCfg = Debug|Win32
		{1E35A565-D439-4AF2-A014-9CC0C1484C89}.Debug|ARM64.ActiveCfg = Debug|Win32
		{1E35A565-D439-4AF2-A014-9CC0C1484C89}.Debug|x64.ActiveCfg = Debug|x64
		{1E35A565-D439-4AF2-A014-9CC0C1484C89}.Debug|x64.Build.0 = Debug|x64
		{1E35A565-D439-4AF2-A014-9CC0C1484C89}.Debug|x86.ActiveCfg = Debug|Win32
		{1E35A565-D439-4AF2-A014-9CC0C1484C89}.Debug|x86.Build.0 = Debug|Win32
		{1E35A565-D439-4AF2-A014-9CC0C1484C89}.Release|ARM.ActiveCfg = Release|Win32
		{1E35A565-D439-4AF2-A014-9CC0C1484C89}.Release|ARM64.ActiveCfg = Release|Win32
		{1E35A565-D439-4AF2-A014-9CC0C1484C89}.Release|x64.ActiveCfg = Release|x64
		{1E35A565-D439-4AF2-A014-9CC0C1484C89}.Release|x64.Build.0 = Release|x64
		{1E35A565-D439-4AF2-A014-9CC0C1484C89}.Release|x86.ActiveCfg = Release|Win32
		{1E35A565-D439-4AF2-A014-9CC0C1484C89}.Release|x86.Build.0 = Release|Win32
		{98894D3D-EBD4-4483-B700-FB5452088FAB}.Debug|ARM.ActiveCfg = Debug|ARM
		{98894D3D-EBD4-4483-B700-FB5452088FAB}.Debug|ARM.Build.0 = Debug|ARM
		{98894D3D-EBD4-4483-B700-FB5452088FAB}.Debug|ARM.Deploy.0 = Debug|ARM
		{98894D3D-EBD4-4483-B700-FB5452088FAB}.Debug|ARM64.ActiveCfg = Debug|ARM64
		{98894D3D-EBD4-4483-B700-FB5452088FAB}.Debug|ARM64.Build.0 = Debug|ARM64
		{98894D3D-EBD4-4483-B700-FB5452088FAB}.Debug|ARM64.Deploy.0 = Debug|ARM64
		{98894D3D-EBD4-4483-B700-FB5452088FAB}.Debug|x64.ActiveCfg = Debug|x64
		{98894D3D-EBD4-4483-B700-FB5452088FAB}.Debug|x64.Build.0 = Debug|x64
		{98894D3D-EBD4-4483-B700-FB5452088FAB}.Debug|x86.ActiveCfg = Debug|Win32
		{98894D3D-EBD4-4483-B700-FB5452088FAB}.Debug|x86.Build.0 = Debug|Win32
		{98894D3D-EBD4-4483-B700-FB5452088FAB}.Debug|x86.Deploy.0 = Debug|Win32
		{98894D3D-EBD4-4483-B700-FB5452088FAB}.Release|ARM.ActiveCfg = Release|ARM
		{98894D3D-EBD4-4483-B700-FB5452088FAB}.Release|ARM.Build.0 = Release|ARM
		{98894D3D-EBD4-4483-B700-FB5452088FAB}.Release|ARM.Deploy.0 = Release|ARM
		{98894D3D-EBD4-4483-B700-FB5452088FAB}.Release|ARM64.ActiveCfg = Release|ARM64
		{98894D3D-EBD4-4483-B700-FB5452088FAB}.Release|ARM64.Build.0 = Release|ARM64
		{98894D3D-EBD4-4483-B700-FB5452088FAB}.Release|ARM64.Deploy.0 = Release|ARM64
		{98894D3D-EBD4-4483-B700-FB5452088FAB}.Release|x64.ActiveCfg = Release|x64
		{98894D3D-EBD4-4483-B700-FB5452088FAB}.Release|x64.Build.0 = Release|x64
		{98894D3D-EBD4-4483-B700-FB5452088FAB}.Release|x64.Deploy.0 = Release|x64
		{98894D3D-EBD4-4483-B700-FB5452088FAB}.Release|x86.ActiveCfg = Release|Win32
		{98894D3D-EBD4-4483-B700-FB5452088FAB}.Release|x86.Build.0 = Release|Win32
		{98894D3D-EBD4-4483-B700-FB5452088FAB}.Release|x86.Deploy.0 = Release|Win32
		{BCDDF01D-D4A7-4FA1-B80A-02A6D2CF5107}.Debug|ARM.ActiveCfg = Debug|ARM
		{BCDDF01D-D4A7-4FA1-B80A-02A6D2CF5107}.Debug|ARM.Build.0 = Debug|ARM
		{BCDDF01D-D4A7-4FA1-B80A-02A6D2CF5107}.Debug|ARM.Deploy.0 = Debug|ARM
		{BCDDF01D-D4A7-4FA1-B80A-02A6D2CF5107}.Debug|ARM64.ActiveCfg = Debug|ARM64
		{BCDDF01D-D4A7-4FA1-B80A-02A6D2CF5107}.Debug|ARM64.Build.0 = Debug|ARM64
		{BCDDF01D-D4A7-4FA1-B80A-02A6D2CF5107}.Debug|ARM64.Deploy.0 = Debug|ARM64
		{BCDDF01D-D4A7-4FA1-B80A-02A6D2CF5107}.Debug|x64.ActiveCfg = Debug|x64
		{BCDDF01D-D4A7-4FA1-B80A-02A6D2CF5107}.Debug|x64.Build.0 = Debug|x64
		{BCDDF01D-D4A7-4FA1-B80A-02A6D2CF5107}.Debug|x64.Deploy.0 = Debug|x64
		{BCDDF01D-D4A7-4FA1-B80A-02A6D2CF5107}.Debug|x86.ActiveCfg = Debug|Win32
		{BCDDF01D-D4A7-4FA1-B80A-02A6D2CF5107}.Debug|x86.Build.0 = Debug|Win32
		{BCDDF01D-D4A7-4FA1-B80A-02A6D2CF5107}.Debug|x86.Deploy.0 = Debug|Win32
		{BCDDF01D-D4A7-4FA1-B80A-02A6D2CF5107}.Release|ARM.ActiveCfg = Release|ARM
		{BCDDF01D-D4A7-4FA1-B80A-02A6D2CF5107}.Release|ARM.Build.0 = Release|ARM
		{BCDDF01D-D4A7-4FA1-B80A-02A6D2CF5107}.Release|ARM.Deploy.0 = Release|ARM
		{BCDDF01D-D4A7-4FA1-B80A-02A6D2CF5107}.Release|ARM64.ActiveCfg = Release|ARM64
		{BCDDF01D-D4A7-4FA1-B80A-02A6D2CF5107}.Release|ARM64.Build.0 = Release|ARM64
		{BCDDF01D-D4A7-4FA1-B80A-02A6D2CF5107}.Release|ARM64.Deploy.0 = Release|ARM64
		{BCDDF01D-D4A7-4FA1-B80A-02A6D2CF5107}.Release|x64.ActiveCfg = Release|x64
		{BCDDF01D-D4A7-4FA1-B80A-02A6D2CF5107}.Release|x64.Build.0 = Release|x64
		{BCDDF01D-D4A7-4FA1-B80A-02A6D2CF5107}.Release|x64.Deploy.0 = Release|x64
		{BCDDF01D-D4A7-4FA1-B80A-02A6D2CF5107}.Release|x86.ActiveCfg = Release|Win32
		{BCDDF01D-D4A7-4FA1-B80A-02A6D2CF5107}.Release|x86.Build.0 = Release|Win32
		{BCDDF01D-D4A7-4FA1-B80A-02A6D2CF5107}.Release|x86.Deploy.0 = Release|Win32
	EndGlobalSection
	GlobalSection(SolutionProperties) = preSolution
		HideSolutionNode = FALSE
	EndGlobalSection
	GlobalSection(ExtensibilityGlobals) = postSolution
		SolutionGuid = {1E37FD5D-D0A6-48EA-AE69-77EA9120D92B}
	EndGlobalSection
EndGlobal
